{
  "name": "mono",
  "version": "1.0.0",
  "lockfileVersion": 3,
  "requires": true,
  "packages": {
    "": {
      "name": "mono",
      "version": "1.0.0",
      "license": "MIT",
      "workspaces": {
        "packages": [
          "package/*"
        ]
      }
    },
    "node_modules/module1": {
      "resolved": "package/module1",
      "link": true
    },
    "node_modules/module2": {
      "resolved": "package/module2",
      "link": true
    },
    "package/module1": {
      "version": "1.0.0",
      "license": "MIT"
    },
    "package/module2": {
      "version": "1.0.0",
      "license": "MIT"
    }
  }
}
